
Microsoft Visual Studio Solution File, Format Version 12.00
# Visual Studio Version 16
VisualStudioVersion = 16.0.30907.101
MinimumVisualStudioVersion = 10.0.40219.1
Project("{9A19103F-16F7-4668-BE54-9A1E7A4F7556}") = "Redux.Vulkan", "Redux.Vulkan\Redux.Vulkan.csproj", "{5B33DE32-273F-4946-8F58-FD5C5336C618}"
EndProject
Project("{9A19103F-16F7-4668-BE54-9A1E7A4F7556}") = "Redux.Test", "Redux.Test\Redux.Test.csproj", "{2D86271B-E044-45FF-9CCC-9653822FACC3}"
EndProject
Project("{9A19103F-16F7-4668-BE54-9A1E7A4F7556}") = "Redux.Base", "Redux.Base\Redux.Base.csproj", "{8D3CA902-65A0-47C8-9DF2-5372B97C628B}"
EndProject
Project("{2150E333-8FDC-42A3-9474-1A3956D46DE8}") = "Solution Items", "Solution Items", "{F1CA6466-BE26-4D27-9386-8722950D3395}"
	ProjectSection(SolutionItems) = preProject
		.editorconfig = .editorconfig
	EndProjectSection
EndProject
Project("{9A19103F-16F7-4668-BE54-9A1E7A4F7556}") = "Redux.Media", "Redux.Media\Redux.Media.csproj", "{42745883-064C-4B12-BED5-E311E91E4B7E}"
EndProject
Project("{9A19103F-16F7-4668-BE54-9A1E7A4F7556}") = "Redux.Core", "Redux.Core\Redux.Core.csproj", "{2206AF44-68CC-4CA5-9683-46067D378B52}"
EndProject
Project("{FAE04EC0-301F-11D3-BF4B-00C04F79EFBC}") = "Redux.Desktop", "Redux.Desktop\Redux.Desktop.csproj", "{31C1C29F-4C73-4058-91E8-892B945DDD99}"
EndProject
Global
	GlobalSection(SolutionConfigurationPlatforms) = preSolution
		Debug|Any CPU = Debug|Any CPU
		Release|Any CPU = Release|Any CPU
	EndGlobalSection
	GlobalSection(ProjectConfigurationPlatforms) = postSolution
		{5B33DE32-273F-4946-8F58-FD5C5336C618}.Debug|Any CPU.ActiveCfg = Debug|Any CPU
		{5B33DE32-273F-4946-8F58-FD5C5336C618}.Debug|Any CPU.Build.0 = Debug|Any CPU
		{5B33DE32-273F-4946-8F58-FD5C5336C618}.Release|Any CPU.ActiveCfg = Release|Any CPU
		{5B33DE32-273F-4946-8F58-FD5C5336C618}.Release|Any CPU.Build.0 = Release|Any CPU
		{2D86271B-E044-45FF-9CCC-9653822FACC3}.Debug|Any CPU.ActiveCfg = Debug|Any CPU
		{2D86271B-E044-45FF-9CCC-9653822FACC3}.Debug|Any CPU.Build.0 = Debug|Any CPU
		{2D86271B-E044-45FF-9CCC-9653822FACC3}.Release|Any CPU.ActiveCfg = Release|Any CPU
		{2D86271B-E044-45FF-9CCC-9653822FACC3}.Release|Any CPU.Build.0 = Release|Any CPU
		{8D3CA902-65A0-47C8-9DF2-5372B97C628B}.Debug|Any CPU.ActiveCfg = Debug|Any CPU
		{8D3CA902-65A0-47C8-9DF2-5372B97C628B}.Debug|Any CPU.Build.0 = Debug|Any CPU
		{8D3CA902-65A0-47C8-9DF2-5372B97C628B}.Release|Any CPU.ActiveCfg = Release|Any CPU
		{8D3CA902-65A0-47C8-9DF2-5372B97C628B}.Release|Any CPU.Build.0 = Release|Any CPU
		{42745883-064C-4B12-BED5-E311E91E4B7E}.Debug|Any CPU.ActiveCfg = Debug|Any CPU
		{42745883-064C-4B12-BED5-E311E91E4B7E}.Debug|Any CPU.Build.0 = Debug|Any CPU
		{42745883-064C-4B12-BED5-E311E91E4B7E}.Release|Any CPU.ActiveCfg = Release|Any CPU
		{42745883-064C-4B12-BED5-E311E91E4B7E}.Release|Any CPU.Build.0 = Release|Any CPU
		{2206AF44-68CC-4CA5-9683-46067D378B52}.Debug|Any CPU.ActiveCfg = Debug|Any CPU
		{2206AF44-68CC-4CA5-9683-46067D378B52}.Debug|Any CPU.Build.0 = Debug|Any CPU
		{2206AF44-68CC-4CA5-9683-46067D378B52}.Release|Any CPU.ActiveCfg = Release|Any CPU
		{2206AF44-68CC-4CA5-9683-46067D378B52}.Release|Any CPU.Build.0 = Release|Any CPU
		{31C1C29F-4C73-4058-91E8-892B945DDD99}.Debug|Any CPU.ActiveCfg = Debug|Any CPU
		{31C1C29F-4C73-4058-91E8-892B945DDD99}.Debug|Any CPU.Build.0 = Debug|Any CPU
		{31C1C29F-4C73-4058-91E8-892B945DDD99}.Release|Any CPU.ActiveCfg = Release|Any CPU
		{31C1C29F-4C73-4058-91E8-892B945DDD99}.Release|Any CPU.Build.0 = Release|Any CPU
	EndGlobalSection
	GlobalSection(SolutionProperties) = preSolution
		HideSolutionNode = FALSE
	EndGlobalSection
	GlobalSection(ExtensibilityGlobals) = postSolution
		SolutionGuid = {49123765-3538-49AD-99EF-CDFA83DFBBCD}
	EndGlobalSection
EndGlobal
